
Microsoft Visual Studio Solution File, Format Version 12.00
# Visual Studio Version 17
VisualStudioVersion = 17.0.31903.59
MinimumVisualStudioVersion = 10.0.40219.1
Project("{2150E333-8FDC-42A3-9474-1A3956D46DE8}") = "src", "src", "{0E25EE22-1B8A-4DB0-9900-AA36E8FE2F15}"
EndProject
Project("{FAE04EC0-301F-11D3-BF4B-00C04F79EFBC}") = "Web", "src\Web\Web.csproj", "{FCAE7919-855C-4FCF-82A2-5651E2A5168A}"
EndProject
Global
	GlobalSection(SolutionConfigurationPlatforms) = preSolution
		Debug|Any CPU = Debug|Any CPU
		Release|Any CPU = Release|Any CPU
	EndGlobalSection
	GlobalSection(SolutionProperties) = preSolution
		HideSolutionNode = FALSE
	EndGlobalSection
	GlobalSection(ProjectConfigurationPlatforms) = postSolution
		{FCAE7919-855C-4FCF-82A2-5651E2A5168A}.Debug|Any CPU.ActiveCfg = Debug|Any CPU
		{FCAE7919-855C-4FCF-82A2-5651E2A5168A}.Debug|Any CPU.Build.0 = Debug|Any CPU
		{FCAE7919-855C-4FCF-82A2-5651E2A5168A}.Release|Any CPU.ActiveCfg = Release|Any CPU
		{FCAE7919-855C-4FCF-82A2-5651E2A5168A}.Release|Any CPU.Build.0 = Release|Any CPU
	EndGlobalSection
	GlobalSection(NestedProjects) = preSolution
		{FCAE7919-855C-4FCF-82A2-5651E2A5168A} = {0E25EE22-1B8A-4DB0-9900-AA36E8FE2F15}
	EndGlobalSection
EndGlobal
